// !$*UTF8*$!
{
	archiveVersion = 1;
	classes = {
	};
	objectVersion = 56;
	objects = {

/* Begin PBXBuildFile section */
		A10001 /* NewtonApp.swift in Sources */ = {isa = PBXBuildFile; fileRef = B10001 /* NewtonApp.swift */; };
		A10002 /* AIProvider.swift in Sources */ = {isa = PBXBuildFile; fileRef = B10002 /* AIProvider.swift */; };
		A10003 /* AIModel.swift in Sources */ = {isa = PBXBuildFile; fileRef = B10003 /* AIModel.swift */; };
		A10004 /* Message.swift in Sources */ = {isa = PBXBuildFile; fileRef = B10004 /* Message.swift */; };
		A10005 /* Conversation.swift in Sources */ = {isa = PBXBuildFile; fileRef = B10005 /* Conversation.swift */; };
		A10006 /* KeychainManager.swift in Sources */ = {isa = PBXBuildFile; fileRef = B10006 /* KeychainManager.swift */; };
		A10007 /* SettingsManager.swift in Sources */ = {isa = PBXBuildFile; fileRef = B10007 /* SettingsManager.swift */; };
		A10008 /* OrbitEngine.swift in Sources */ = {isa = PBXBuildFile; fileRef = B10008 /* OrbitEngine.swift */; };
		A10009 /* StorageManager.swift in Sources */ = {isa = PBXBuildFile; fileRef = B10009 /* StorageManager.swift */; };
		A10010 /* LLMService.swift in Sources */ = {isa = PBXBuildFile; fileRef = B10010 /* LLMService.swift */; };
		A10011 /* Theme.swift in Sources */ = {isa = PBXBuildFile; fileRef = B10011 /* Theme.swift */; };
		A10012 /* Haptics.swift in Sources */ = {isa = PBXBuildFile; fileRef = B10012 /* Haptics.swift */; };
		A10013 /* StatusPillView.swift in Sources */ = {isa = PBXBuildFile; fileRef = B10013 /* StatusPillView.swift */; };
		A10014 /* CodeBlockView.swift in Sources */ = {isa = PBXBuildFile; fileRef = B10014 /* CodeBlockView.swift */; };
		A10015 /* ThinkingCardView.swift in Sources */ = {isa = PBXBuildFile; fileRef = B10015 /* ThinkingCardView.swift */; };
		A10016 /* OrbitCardView.swift in Sources */ = {isa = PBXBuildFile; fileRef = B10016 /* OrbitCardView.swift */; };
		A10017 /* MessageBubbleView.swift in Sources */ = {isa = PBXBuildFile; fileRef = B10017 /* MessageBubbleView.swift */; };
		A10018 /* MessageInputBar.swift in Sources */ = {isa = PBXBuildFile; fileRef = B10018 /* MessageInputBar.swift */; };
		A10019 /* ChatView.swift in Sources */ = {isa = PBXBuildFile; fileRef = B10019 /* ChatView.swift */; };
		A10020 /* ModelPickerSheet.swift in Sources */ = {isa = PBXBuildFile; fileRef = B10020 /* ModelPickerSheet.swift */; };
		A10021 /* SettingsView.swift in Sources */ = {isa = PBXBuildFile; fileRef = B10021 /* SettingsView.swift */; };
		A10022 /* ConversationListView.swift in Sources */ = {isa = PBXBuildFile; fileRef = B10022 /* ConversationListView.swift */; };
		A10023 /* MainView.swift in Sources */ = {isa = PBXBuildFile; fileRef = B10023 /* MainView.swift */; };
		A10024 /* Hero3DCanvasView.swift in Sources */ = {isa = PBXBuildFile; fileRef = B10025 /* Hero3DCanvasView.swift */; };
		A10025 /* ThinkingOrbView.swift in Sources */ = {isa = PBXBuildFile; fileRef = B10026 /* ThinkingOrbView.swift */; };
		A10026 /* Assets.xcassets in Resources */ = {isa = PBXBuildFile; fileRef = B10027 /* Assets.xcassets */; };
		A10027 /* ImagePicker.swift in Sources */ = {isa = PBXBuildFile; fileRef = B10028 /* ImagePicker.swift */; };
		A10028 /* NotificationManager.swift in Sources */ = {isa = PBXBuildFile; fileRef = B10029 /* NotificationManager.swift */; };
		A10029 /* ArtGalleryView.swift in Sources */ = {isa = PBXBuildFile; fileRef = B10030 /* ArtGalleryView.swift */; };
/* End PBXBuildFile section */

/* Begin PBXFileReference section */
		C10001 /* Newton.app */ = {isa = PBXFileReference; explicitFileType = wrapper.application; includeInIndex = 0; path = Newton.app; sourceTree = BUILT_PRODUCTS_DIR; };
		B10001 /* NewtonApp.swift */ = {isa = PBXFileReference; lastKnownFileType = sourcecode.swift; path = NewtonApp.swift; sourceTree = "<group>"; };
		B10002 /* AIProvider.swift */ = {isa = PBXFileReference; lastKnownFileType = sourcecode.swift; path = AIProvider.swift; sourceTree = "<group>"; };
		B10003 /* AIModel.swift */ = {isa = PBXFileReference; lastKnownFileType = sourcecode.swift; path = AIModel.swift; sourceTree = "<group>"; };
		B10004 /* Message.swift */ = {isa = PBXFileReference; lastKnownFileType = sourcecode.swift; path = Message.swift; sourceTree = "<group>"; };
		B10005 /* Conversation.swift */ = {isa = PBXFileReference; lastKnownFileType = sourcecode.swift; path = Conversation.swift; sourceTree = "<group>"; };
		B10006 /* KeychainManager.swift */ = {isa = PBXFileReference; lastKnownFileType = sourcecode.swift; path = KeychainManager.swift; sourceTree = "<group>"; };
		B10007 /* SettingsManager.swift */ = {isa = PBXFileReference; lastKnownFileType = sourcecode.swift; path = SettingsManager.swift; sourceTree = "<group>"; };
		B10008 /* OrbitEngine.swift */ = {isa = PBXFileReference; lastKnownFileType = sourcecode.swift; path = OrbitEngine.swift; sourceTree = "<group>"; };
		B10009 /* StorageManager.swift */ = {isa = PBXFileReference; lastKnownFileType = sourcecode.swift; path = StorageManager.swift; sourceTree = "<group>"; };
		B10010 /* LLMService.swift */ = {isa = PBXFileReference; lastKnownFileType = sourcecode.swift; path = LLMService.swift; sourceTree = "<group>"; };
		B10011 /* Theme.swift */ = {isa = PBXFileReference; lastKnownFileType = sourcecode.swift; path = Theme.swift; sourceTree = "<group>"; };
		B10012 /* Haptics.swift */ = {isa = PBXFileReference; lastKnownFileType = sourcecode.swift; path = Haptics.swift; sourceTree = "<group>"; };
		B10013 /* StatusPillView.swift */ = {isa = PBXFileReference; lastKnownFileType = sourcecode.swift; path = StatusPillView.swift; sourceTree = "<group>"; };
		B10014 /* CodeBlockView.swift */ = {isa = PBXFileReference; lastKnownFileType = sourcecode.swift; path = CodeBlockView.swift; sourceTree = "<group>"; };
		B10015 /* ThinkingCardView.swift */ = {isa = PBXFileReference; lastKnownFileType = sourcecode.swift; path = ThinkingCardView.swift; sourceTree = "<group>"; };
		B10016 /* OrbitCardView.swift */ = {isa = PBXFileReference; lastKnownFileType = sourcecode.swift; path = OrbitCardView.swift; sourceTree = "<group>"; };
		B10017 /* MessageBubbleView.swift */ = {isa = PBXFileReference; lastKnownFileType = sourcecode.swift; path = MessageBubbleView.swift; sourceTree = "<group>"; };
		B10018 /* MessageInputBar.swift */ = {isa = PBXFileReference; lastKnownFileType = sourcecode.swift; path = MessageInputBar.swift; sourceTree = "<group>"; };
		B10019 /* ChatView.swift */ = {isa = PBXFileReference; lastKnownFileType = sourcecode.swift; path = ChatView.swift; sourceTree = "<group>"; };
		B10020 /* ModelPickerSheet.swift */ = {isa = PBXFileReference; lastKnownFileType = sourcecode.swift; path = ModelPickerSheet.swift; sourceTree = "<group>"; };
		B10021 /* SettingsView.swift */ = {isa = PBXFileReference; lastKnownFileType = sourcecode.swift; path = SettingsView.swift; sourceTree = "<group>"; };
		B10022 /* ConversationListView.swift */ = {isa = PBXFileReference; lastKnownFileType = sourcecode.swift; path = ConversationListView.swift; sourceTree = "<group>"; };
		B10023 /* MainView.swift */ = {isa = PBXFileReference; lastKnownFileType = sourcecode.swift; path = MainView.swift; sourceTree = "<group>"; };
		B10024 /* Info.plist */ = {isa = PBXFileReference; lastKnownFileType = text.plist.xml; path = Info.plist; sourceTree = "<group>"; };
		B10025 /* Hero3DCanvasView.swift */ = {isa = PBXFileReference; lastKnownFileType = sourcecode.swift; path = Hero3DCanvasView.swift; sourceTree = "<group>"; };
		B10026 /* ThinkingOrbView.swift */ = {isa = PBXFileReference; lastKnownFileType = sourcecode.swift; path = ThinkingOrbView.swift; sourceTree = "<group>"; };
		B10027 /* Assets.xcassets */ = {isa = PBXFileReference; lastKnownFileType = folder.assetcatalog; path = Assets.xcassets; sourceTree = "<group>"; };
		B10028 /* ImagePicker.swift */ = {isa = PBXFileReference; lastKnownFileType = sourcecode.swift; path = ImagePicker.swift; sourceTree = "<group>"; };
		B10029 /* NotificationManager.swift */ = {isa = PBXFileReference; lastKnownFileType = sourcecode.swift; path = NotificationManager.swift; sourceTree = "<group>"; };
		B10030 /* ArtGalleryView.swift */ = {isa = PBXFileReference; lastKnownFileType = sourcecode.swift; path = ArtGalleryView.swift; sourceTree = "<group>"; };
/* End PBXFileReference section */

/* Begin PBXFrameworksBuildPhase section */
		D10001 /* Frameworks */ = {
			isa = PBXFrameworksBuildPhase;
			buildActionMask = 2147483647;
			files = (
			);
			runOnlyForDeploymentPostprocessing = 0;
		};
/* End PBXFrameworksBuildPhase section */

/* Begin PBXGroup section */
		E10001 = {
			isa = PBXGroup;
			children = (
				E10002 /* Newton */,
				E10003 /* Products */,
			);
			sourceTree = "<group>";
		};
		E10002 /* Newton */ = {
			isa = PBXGroup;
			children = (
				B10001 /* NewtonApp.swift */,
				B10027 /* Assets.xcassets */,
				B10024 /* Info.plist */,
				E10004 /* Models */,
				E10005 /* Services */,
				E10006 /* Utilities */,
				E10007 /* Views */,
			);
			sourceTree = "<group>";
		};
		E10003 /* Products */ = {
			isa = PBXGroup;
			children = (
				C10001 /* Newton.app */,
			);
			name = Products;
			sourceTree = "<group>";
		};
		E10004 /* Models */ = {
			isa = PBXGroup;
			children = (
				B10002 /* AIProvider.swift */,
				B10003 /* AIModel.swift */,
				B10004 /* Message.swift */,
				B10005 /* Conversation.swift */,
			);
			path = Models;
			sourceTree = "<group>";
		};
		E10005 /* Services */ = {
			isa = PBXGroup;
			children = (
				B10006 /* KeychainManager.swift */,
				B10007 /* SettingsManager.swift */,
				B10008 /* OrbitEngine.swift */,
				B10009 /* StorageManager.swift */,
				B10010 /* LLMService.swift */,
				B10029 /* NotificationManager.swift */,
			);
			path = Services;
			sourceTree = "<group>";
		};
		E10006 /* Utilities */ = {
			isa = PBXGroup;
			children = (
				B10011 /* Theme.swift */,
				B10012 /* Haptics.swift */,
			);
			path = Utilities;
			sourceTree = "<group>";
		};
		E10007 /* Views */ = {
			isa = PBXGroup;
			children = (
				B10023 /* MainView.swift */,
				E10008 /* Components */,
				E10009 /* Chat */,
				E10010 /* Settings */,
				E10011 /* Sidebar */,
			);
			path = Views;
			sourceTree = "<group>";
		};
		E10008 /* Components */ = {
			isa = PBXGroup;
			children = (
				B10013 /* StatusPillView.swift */,
				B10014 /* CodeBlockView.swift */,
				B10025 /* Hero3DCanvasView.swift */,
				B10026 /* ThinkingOrbView.swift */,
				B10028 /* ImagePicker.swift */,
				B10030 /* ArtGalleryView.swift */,
			);
			path = Components;
			sourceTree = "<group>";
		};
		E10009 /* Chat */ = {
			isa = PBXGroup;
			children = (
				B10015 /* ThinkingCardView.swift */,
				B10016 /* OrbitCardView.swift */,
				B10017 /* MessageBubbleView.swift */,
				B10018 /* MessageInputBar.swift */,
				B10019 /* ChatView.swift */,
			);
			path = Chat;
			sourceTree = "<group>";
		};
		E10010 /* Settings */ = {
			isa = PBXGroup;
			children = (
				B10020 /* ModelPickerSheet.swift */,
				B10021 /* SettingsView.swift */,
			);
			path = Settings;
			sourceTree = "<group>";
		};
		E10011 /* Sidebar */ = {
			isa = PBXGroup;
			children = (
				B10022 /* ConversationListView.swift */,
			);
			path = Sidebar;
			sourceTree = "<group>";
		};
/* End PBXGroup section */

/* Begin PBXNativeTarget section */
		F10001 /* Newton */ = {
			isa = PBXNativeTarget;
			buildConfigurationList = G10001 /* Build configuration list for PBXNativeTarget "Newton" */;
			buildPhases = (
				H10001 /* Sources */,
				D10001 /* Frameworks */,
				I10001 /* Resources */,
			);
			buildRules = (
			);
			dependencies = (
			);
			name = Newton;
			productName = Newton;
			productReference = C10001 /* Newton.app */;
			productType = "com.apple.product-type.application";
		};
/* End PBXNativeTarget section */

/* Begin PBXProject section */
		J10001 /* Project object */ = {
			isa = PBXProject;
			attributes = {
				BuildIndependentTargetsInParallel = 1;
				LastSwiftUpdateCheck = 1500;
				LastUpgradeCheck = 1500;
				TargetAttributes = {
					F10001 = {
						CreatedOnToolsVersion = 15.0;
					};
				};
			};
			buildConfigurationList = K10001 /* Build configuration list for PBXProject "Newton" */;
			compatibilityVersion = "Xcode 14.0";
			developmentRegion = en;
			hasScannedForEncodings = 0;
			knownRegions = (
				en,
				Base,
			);
			mainGroup = E10001;
			productRefGroup = E10003 /* Products */;
			projectDirPath = "";
			projectRoot = "";
			targets = (
				F10001 /* Newton */,
			);
		};
/* End PBXProject section */

/* Begin PBXResourcesBuildPhase section */
		I10001 /* Resources */ = {
			isa = PBXResourcesBuildPhase;
			buildActionMask = 2147483647;
			files = (
				A10026 /* Assets.xcassets in Resources */,
			);
			runOnlyForDeploymentPostprocessing = 0;
		};
/* End PBXResourcesBuildPhase section */

/* Begin PBXSourcesBuildPhase section */
		H10001 /* Sources */ = {
			isa = PBXSourcesBuildPhase;
			buildActionMask = 2147483647;
			files = (
				A10001 /* NewtonApp.swift in Sources */,
				A10002 /* AIProvider.swift in Sources */,
				A10003 /* AIModel.swift in Sources */,
				A10004 /* Message.swift in Sources */,
				A10005 /* Conversation.swift in Sources */,
				A10006 /* KeychainManager.swift in Sources */,
				A10007 /* SettingsManager.swift in Sources */,
				A10008 /* OrbitEngine.swift in Sources */,
				A10009 /* StorageManager.swift in Sources */,
				A10010 /* LLMService.swift in Sources */,
				A10011 /* Theme.swift in Sources */,
				A10012 /* Haptics.swift in Sources */,
				A10013 /* StatusPillView.swift in Sources */,
				A10014 /* CodeBlockView.swift in Sources */,
				A10015 /* ThinkingCardView.swift in Sources */,
				A10016 /* OrbitCardView.swift in Sources */,
				A10017 /* MessageBubbleView.swift in Sources */,
				A10018 /* MessageInputBar.swift in Sources */,
				A10019 /* ChatView.swift in Sources */,
				A10020 /* ModelPickerSheet.swift in Sources */,
				A10021 /* SettingsView.swift in Sources */,
				A10022 /* ConversationListView.swift in Sources */,
				A10023 /* MainView.swift in Sources */,
				A10024 /* Hero3DCanvasView.swift in Sources */,
				A10025 /* ThinkingOrbView.swift in Sources */,
				A10027 /* ImagePicker.swift in Sources */,
				A10028 /* NotificationManager.swift in Sources */,
				A10029 /* ArtGalleryView.swift in Sources */,
			);
			runOnlyForDeploymentPostprocessing = 0;
		};
/* End PBXSourcesBuildPhase section */

/* Begin XCBuildConfiguration section */
		L10001 /* Debug */ = {
			isa = XCBuildConfiguration;
			buildSettings = {
				ALWAYS_SEARCH_USER_PATHS = NO;
				ASSETCATALOG_COMPILER_APPICON_NAME = AppIcon;
				CLANG_ANALYZER_NONNULL = YES;
				CLANG_CXX_LANGUAGE_STANDARD = "gnu++20";
				CLANG_ENABLE_MODULES = YES;
				CLANG_ENABLE_OBJC_ARC = YES;
				CLANG_WARN_BOOL_CONVERSION = YES;
				CLANG_WARN_CONSTANT_CONVERSION = YES;
				CLANG_WARN_DIRECT_OBJC_ISA_USAGE = YES_ERROR;
				CLANG_WARN_EMPTY_BODY = YES;
				CLANG_WARN_ENUM_CONVERSION = YES;
				CLANG_WARN_INT_CONVERSION = YES;
				CLANG_WARN_OBJC_ROOT_CLASS = YES_ERROR;
				CLANG_WARN_UNREACHABLE_CODE = YES;
				CLANG_WARN__DUPLICATE_METHOD_MATCH = YES;
				COPY_PHASE_STRIP = NO;
				DEBUG_INFORMATION_FORMAT = dwarf;
				ENABLE_STRICT_OBJC_MSGSEND = YES;
				ENABLE_TESTABILITY = YES;
				GCC_C_LANGUAGE_STANDARD = gnu11;
				GCC_DYNAMIC_NO_PIC = NO;
				GCC_NO_COMMON_BLOCKS = YES;
				GCC_OPTIMIZATION_LEVEL = 0;
				GCC_PREPROCESSOR_DEFINITIONS = (
					"DEBUG=1",
					"$(inherited)",
				);
				GCC_WARN_64_TO_32_BIT_CONVERSION = YES;
				GCC_WARN_ABOUT_RETURN_TYPE = YES_ERROR;
				GCC_WARN_UNINITIALIZED_AUTOS = YES_AGGRESSIVE;
				GCC_WARN_UNUSED_FUNCTION = YES;
				GCC_WARN_UNUSED_VARIABLE = YES;
				IPHONEOS_DEPLOYMENT_TARGET = 16.0;
				MTL_ENABLE_DEBUG_INFO = INCLUDE_SOURCE;
				MTL_FAST_MATH = YES;
				ONLY_ACTIVE_ARCH = YES;
				SDKROOT = iphoneos;
				SWIFT_ACTIVE_COMPILATION_CONDITIONS = DEBUG;
				SWIFT_OPTIMIZATION_LEVEL = "-Onone";
			};
			name = Debug;
		};
		L10002 /* Release */ = {
			isa = XCBuildConfiguration;
			buildSettings = {
				ALWAYS_SEARCH_USER_PATHS = NO;
				ASSETCATALOG_COMPILER_APPICON_NAME = AppIcon;
				CLANG_ANALYZER_NONNULL = YES;
				CLANG_CXX_LANGUAGE_STANDARD = "gnu++20";
				CLANG_ENABLE_MODULES = YES;
				CLANG_ENABLE_OBJC_ARC = YES;
				CLANG_WARN_BOOL_CONVERSION = YES;
				CLANG_WARN_CONSTANT_CONVERSION = YES;
				CLANG_WARN_DIRECT_OBJC_ISA_USAGE = YES_ERROR;
				CLANG_WARN_EMPTY_BODY = YES;
				CLANG_WARN_ENUM_CONVERSION = YES;
				CLANG_WARN_INT_CONVERSION = YES;
				CLANG_WARN_OBJC_ROOT_CLASS = YES_ERROR;
				CLANG_WARN_UNREACHABLE_CODE = YES;
				CLANG_WARN__DUPLICATE_METHOD_MATCH = YES;
				COPY_PHASE_STRIP = NO;
				DEBUG_INFORMATION_FORMAT = "dwarf-with-dsym";
				ENABLE_NS_ASSERTIONS = NO;
				ENABLE_STRICT_OBJC_MSGSEND = YES;
				GCC_C_LANGUAGE_STANDARD = gnu11;
				GCC_NO_COMMON_BLOCKS = YES;
				GCC_WARN_64_TO_32_BIT_CONVERSION = YES;
				GCC_WARN_ABOUT_RETURN_TYPE = YES_ERROR;
				GCC_WARN_UNINITIALIZED_AUTOS = YES_AGGRESSIVE;
				GCC_WARN_UNUSED_FUNCTION = YES;
				GCC_WARN_UNUSED_VARIABLE = YES;
				IPHONEOS_DEPLOYMENT_TARGET = 16.0;
				MTL_ENABLE_DEBUG_INFO = NO;
				MTL_FAST_MATH = YES;
				SDKROOT = iphoneos;
				SWIFT_COMPILATION_MODE = wholemodule;
				SWIFT_OPTIMIZATION_LEVEL = "-O";
				VALIDATE_PRODUCT = YES;
			};
			name = Release;
		};
		M10001 /* Debug */ = {
			isa = XCBuildConfiguration;
			buildSettings = {
				ASSETCATALOG_COMPILER_APPICON_NAME = AppIcon;
				CODE_SIGN_STYLE = Automatic;
				CURRENT_PROJECT_VERSION = 6;
				GENERATE_INFOPLIST_FILE = YES;
				INFOPLIST_KEY_CFBundleDisplayName = Newton;
				INFOPLIST_KEY_LSRequiresIPhoneOS = YES;
				INFOPLIST_KEY_NSCameraUsageDescription = "Newton requires camera access to take and attach photos to prompts.";
				INFOPLIST_KEY_NSPhotoLibraryUsageDescription = "Newton requires photo library access to attach images to prompts.";
				INFOPLIST_KEY_UIApplicationSceneManifest_Generation = YES;
				INFOPLIST_KEY_UIApplicationSupportsIndirectInputEvents = YES;
				INFOPLIST_KEY_UILaunchScreen_Generation = YES;
				INFOPLIST_KEY_UISupportedInterfaceOrientations_iPad = "UIInterfaceOrientationPortrait UIInterfaceOrientationPortraitUpsideDown UIInterfaceOrientationLandscapeLeft UIInterfaceOrientationLandscapeRight";
				INFOPLIST_KEY_UISupportedInterfaceOrientations_iPhone = "UIInterfaceOrientationPortrait UIInterfaceOrientationLandscapeLeft UIInterfaceOrientationLandscapeRight";
				LD_RUNPATH_SEARCH_PATHS = (
					"$(inherited)",
					"@executable_path/Frameworks",
				);
				MARKETING_VERSION = 1.5;
				PRODUCT_BUNDLE_IDENTIFIER = com.newton.ai;
				PRODUCT_NAME = "$(TARGET_NAME)";
				SWIFT_EMIT_LOC_STRINGS = YES;
				SWIFT_VERSION = 5.0;
				TARGETED_DEVICE_FAMILY = "1,2";
			};
			name = Debug;
		};
		M10002 /* Release */ = {
			isa = XCBuildConfiguration;
			buildSettings = {
				ASSETCATALOG_COMPILER_APPICON_NAME = AppIcon;
				CODE_SIGN_STYLE = Automatic;
				CURRENT_PROJECT_VERSION = 6;
				GENERATE_INFOPLIST_FILE = YES;
				INFOPLIST_KEY_CFBundleDisplayName = Newton;
				INFOPLIST_KEY_LSRequiresIPhoneOS = YES;
				INFOPLIST_KEY_NSCameraUsageDescription = "Newton requires camera access to take and attach photos to prompts.";
				INFOPLIST_KEY_NSPhotoLibraryUsageDescription = "Newton requires photo library access to attach images to prompts.";
				INFOPLIST_KEY_UIApplicationSceneManifest_Generation = YES;
				INFOPLIST_KEY_UIApplicationSupportsIndirectInputEvents = YES;
				INFOPLIST_KEY_UILaunchScreen_Generation = YES;
				INFOPLIST_KEY_UISupportedInterfaceOrientations_iPad = "UIInterfaceOrientationPortrait UIInterfaceOrientationPortraitUpsideDown UIInterfaceOrientationLandscapeLeft UIInterfaceOrientationLandscapeRight";
				INFOPLIST_KEY_UISupportedInterfaceOrientations_iPhone = "UIInterfaceOrientationPortrait UIInterfaceOrientationLandscapeLeft UIInterfaceOrientationLandscapeRight";
				LD_RUNPATH_SEARCH_PATHS = (
					"$(inherited)",
					"@executable_path/Frameworks",
				);
				MARKETING_VERSION = 1.5;
				PRODUCT_BUNDLE_IDENTIFIER = com.newton.ai;
				PRODUCT_NAME = "$(TARGET_NAME)";
				SWIFT_EMIT_LOC_STRINGS = YES;
				SWIFT_VERSION = 5.0;
				TARGETED_DEVICE_FAMILY = "1,2";
			};
			name = Release;
		};
/* End XCBuildConfiguration section */

/* Begin XCConfigurationList section */
		K10001 /* Build configuration list for PBXProject "Newton" */ = {
			isa = XCConfigurationList;
			buildConfigurations = (
				L10001 /* Debug */,
				L10002 /* Release */,
			);
			defaultConfigurationIsVisible = 0;
			defaultConfigurationName = Release;
		};
		G10001 /* Build configuration list for PBXNativeTarget "Newton" */ = {
			isa = XCConfigurationList;
			buildConfigurations = (
				M10001 /* Debug */,
				M10002 /* Release */,
			);
			defaultConfigurationIsVisible = 0;
			defaultConfigurationName = Release;
		};
/* End XCConfigurationList section */
	};
	rootObject = J10001 /* Project object */;
}
